// !$*UTF8*$!
{
	archiveVersion = 1;
	classes = {
	};
	objectVersion = 56;
	objects = {

/* Begin PBXBuildFile section */
		FD1130F82BF8C13E0090E1C8 /* NewsListScreen.swift in Sources */ = {isa = PBXBuildFile; fileRef = FD1130F72BF8C13E0090E1C8 /* NewsListScreen.swift */; };
		FD1130FA2BF8C14F0090E1C8 /* NewsSourceListScreen.swift in Sources */ = {isa = PBXBuildFile; fileRef = FD1130F92BF8C14F0090E1C8 /* NewsSourceListScreen.swift */; };
		FD1130FC2BF8C30A0090E1C8 /* NewsSourceListViewModel.swift in Sources */ = {isa = PBXBuildFile; fileRef = FD1130FB2BF8C30A0090E1C8 /* NewsSourceListViewModel.swift */; };
		FD1130FE2BF8C5A10090E1C8 /* WebserviceNewsApp.swift in Sources */ = {isa = PBXBuildFile; fileRef = FD1130FD2BF8C5A10090E1C8 /* WebserviceNewsApp.swift */; };
		FD1131002BF8C7440090E1C8 /* Constants.swift in Sources */ = {isa = PBXBuildFile; fileRef = FD1130FF2BF8C7440090E1C8 /* Constants.swift */; };
		FD1131022BF8CBF10090E1C8 /* NewsSource.swift in Sources */ = {isa = PBXBuildFile; fileRef = FD1131012BF8CBF10090E1C8 /* NewsSource.swift */; };
		FD1131042BF8CC6F0090E1C8 /* NewsArticle.swift in Sources */ = {isa = PBXBuildFile; fileRef = FD1131032BF8CC6F0090E1C8 /* NewsArticle.swift */; };
		FD1131062BF8D0CA0090E1C8 /* NewsArticleListViewModel.swift in Sources */ = {isa = PBXBuildFile; fileRef = FD1131052BF8D0CA0090E1C8 /* NewsArticleListViewModel.swift */; };
		FDABB4442BF2659600E27601 /* ConcurrencyApp.swift in Sources */ = {isa = PBXBuildFile; fileRef = FDABB4432BF2659600E27601 /* ConcurrencyApp.swift */; };
		FDABB4462BF2659600E27601 /* ContentView.swift in Sources */ = {isa = PBXBuildFile; fileRef = FDABB4452BF2659600E27601 /* ContentView.swift */; };
		FDABB4482BF2659900E27601 /* Assets.xcassets in Resources */ = {isa = PBXBuildFile; fileRef = FDABB4472BF2659900E27601 /* Assets.xcassets */; };
		FDABB44B2BF2659900E27601 /* Preview Assets.xcassets in Resources */ = {isa = PBXBuildFile; fileRef = FDABB44A2BF2659900E27601 /* Preview Assets.xcassets */; };
		FDABB4532BF2725100E27601 /* DatesApp.swift in Sources */ = {isa = PBXBuildFile; fileRef = FDABB4522BF2725100E27601 /* DatesApp.swift */; };
		FDB9F31B2BF6530E00594AE8 /* Webservice.swift in Sources */ = {isa = PBXBuildFile; fileRef = FDB9F31A2BF6530E00594AE8 /* Webservice.swift */; };
		FDB9F31D2BF653AA00594AE8 /* CurrentDateListViewModel.swift in Sources */ = {isa = PBXBuildFile; fileRef = FDB9F31C2BF653AA00594AE8 /* CurrentDateListViewModel.swift */; };
		FDB9F31F2BF6540900594AE8 /* CurrentDateModel.swift in Sources */ = {isa = PBXBuildFile; fileRef = FDB9F31E2BF6540900594AE8 /* CurrentDateModel.swift */; };
/* End PBXBuildFile section */

/* Begin PBXFileReference section */
		FD1130F72BF8C13E0090E1C8 /* NewsListScreen.swift */ = {isa = PBXFileReference; lastKnownFileType = sourcecode.swift; path = NewsListScreen.swift; sourceTree = "<group>"; };
		FD1130F92BF8C14F0090E1C8 /* NewsSourceListScreen.swift */ = {isa = PBXFileReference; lastKnownFileType = sourcecode.swift; path = NewsSourceListScreen.swift; sourceTree = "<group>"; };
		FD1130FB2BF8C30A0090E1C8 /* NewsSourceListViewModel.swift */ = {isa = PBXFileReference; lastKnownFileType = sourcecode.swift; path = NewsSourceListViewModel.swift; sourceTree = "<group>"; };
		FD1130FD2BF8C5A10090E1C8 /* WebserviceNewsApp.swift */ = {isa = PBXFileReference; lastKnownFileType = sourcecode.swift; path = WebserviceNewsApp.swift; sourceTree = "<group>"; };
		FD1130FF2BF8C7440090E1C8 /* Constants.swift */ = {isa = PBXFileReference; lastKnownFileType = sourcecode.swift; path = Constants.swift; sourceTree = "<group>"; };
		FD1131012BF8CBF10090E1C8 /* NewsSource.swift */ = {isa = PBXFileReference; lastKnownFileType = sourcecode.swift; path = NewsSource.swift; sourceTree = "<group>"; };
		FD1131032BF8CC6F0090E1C8 /* NewsArticle.swift */ = {isa = PBXFileReference; lastKnownFileType = sourcecode.swift; path = NewsArticle.swift; sourceTree = "<group>"; };
		FD1131052BF8D0CA0090E1C8 /* NewsArticleListViewModel.swift */ = {isa = PBXFileReference; lastKnownFileType = sourcecode.swift; path = NewsArticleListViewModel.swift; sourceTree = "<group>"; };
		FDABB4402BF2659600E27601 /* Concurrency.app */ = {isa = PBXFileReference; explicitFileType = wrapper.application; includeInIndex = 0; path = Concurrency.app; sourceTree = BUILT_PRODUCTS_DIR; };
		FDABB4432BF2659600E27601 /* ConcurrencyApp.swift */ = {isa = PBXFileReference; lastKnownFileType = sourcecode.swift; path = ConcurrencyApp.swift; sourceTree = "<group>"; };
		FDABB4452BF2659600E27601 /* ContentView.swift */ = {isa = PBXFileReference; lastKnownFileType = sourcecode.swift; path = ContentView.swift; sourceTree = "<group>"; };
		FDABB4472BF2659900E27601 /* Assets.xcassets */ = {isa = PBXFileReference; lastKnownFileType = folder.assetcatalog; path = Assets.xcassets; sourceTree = "<group>"; };
		FDABB44A2BF2659900E27601 /* Preview Assets.xcassets */ = {isa = PBXFileReference; lastKnownFileType = folder.assetcatalog; path = "Preview Assets.xcassets"; sourceTree = "<group>"; };
		FDABB4522BF2725100E27601 /* DatesApp.swift */ = {isa = PBXFileReference; lastKnownFileType = sourcecode.swift; path = DatesApp.swift; sourceTree = "<group>"; };
		FDB9F31A2BF6530E00594AE8 /* Webservice.swift */ = {isa = PBXFileReference; lastKnownFileType = sourcecode.swift; path = Webservice.swift; sourceTree = "<group>"; };
		FDB9F31C2BF653AA00594AE8 /* CurrentDateListViewModel.swift */ = {isa = PBXFileReference; lastKnownFileType = sourcecode.swift; path = CurrentDateListViewModel.swift; sourceTree = "<group>"; };
		FDB9F31E2BF6540900594AE8 /* CurrentDateModel.swift */ = {isa = PBXFileReference; lastKnownFileType = sourcecode.swift; path = CurrentDateModel.swift; sourceTree = "<group>"; };
		FDC740CB2BF8B6DC00DB08CB /* ContinuationPlayground.playground */ = {isa = PBXFileReference; lastKnownFileType = file.playground; path = ContinuationPlayground.playground; sourceTree = "<group>"; xcLanguageSpecificationIdentifier = xcode.lang.swift; };
		FDEBA38C2BF8F20900AE54DA /* Concurrency-Tasks.playground */ = {isa = PBXFileReference; lastKnownFileType = file.playground; path = "Concurrency-Tasks.playground"; sourceTree = "<group>"; xcLanguageSpecificationIdentifier = xcode.lang.swift; };
/* End PBXFileReference section */

/* Begin PBXFrameworksBuildPhase section */
		FDABB43D2BF2659500E27601 /* Frameworks */ = {
			isa = PBXFrameworksBuildPhase;
			buildActionMask = 2147483647;
			files = (
			);
			runOnlyForDeploymentPostprocessing = 0;
		};
/* End PBXFrameworksBuildPhase section */

/* Begin PBXGroup section */
		FD1130F12BF8C0980090E1C8 /* NewsApp */ = {
			isa = PBXGroup;
			children = (
				FD1130F22BF8C0C70090E1C8 /* Views */,
				FD1130F32BF8C0CC0090E1C8 /* Services */,
				FD1130F42BF8C0E10090E1C8 /* Utils */,
				FD1130F52BF8C0F10090E1C8 /* Models */,
				FD1130F62BF8C0F70090E1C8 /* ViewModels */,
			);
			path = NewsApp;
			sourceTree = "<group>";
		};
		FD1130F22BF8C0C70090E1C8 /* Views */ = {
			isa = PBXGroup;
			children = (
				FD1130F72BF8C13E0090E1C8 /* NewsListScreen.swift */,
				FD1130F92BF8C14F0090E1C8 /* NewsSourceListScreen.swift */,
			);
			path = Views;
			sourceTree = "<group>";
		};
		FD1130F32BF8C0CC0090E1C8 /* Services */ = {
			isa = PBXGroup;
			children = (
				FD1130FD2BF8C5A10090E1C8 /* WebserviceNewsApp.swift */,
			);
			path = Services;
			sourceTree = "<group>";
		};
		FD1130F42BF8C0E10090E1C8 /* Utils */ = {
			isa = PBXGroup;
			children = (
				FD1130FF2BF8C7440090E1C8 /* Constants.swift */,
			);
			path = Utils;
			sourceTree = "<group>";
		};
		FD1130F52BF8C0F10090E1C8 /* Models */ = {
			isa = PBXGroup;
			children = (
				FD1131012BF8CBF10090E1C8 /* NewsSource.swift */,
				FD1131032BF8CC6F0090E1C8 /* NewsArticle.swift */,
			);
			path = Models;
			sourceTree = "<group>";
		};
		FD1130F62BF8C0F70090E1C8 /* ViewModels */ = {
			isa = PBXGroup;
			children = (
				FD1130FB2BF8C30A0090E1C8 /* NewsSourceListViewModel.swift */,
				FD1131052BF8D0CA0090E1C8 /* NewsArticleListViewModel.swift */,
			);
			path = ViewModels;
			sourceTree = "<group>";
		};
		FDABB4372BF2659500E27601 = {
			isa = PBXGroup;
			children = (
				FDABB4422BF2659600E27601 /* Concurrency */,
				FDABB4412BF2659600E27601 /* Products */,
			);
			sourceTree = "<group>";
		};
		FDABB4412BF2659600E27601 /* Products */ = {
			isa = PBXGroup;
			children = (
				FDABB4402BF2659600E27601 /* Concurrency.app */,
			);
			name = Products;
			sourceTree = "<group>";
		};
		FDABB4422BF2659600E27601 /* Concurrency */ = {
			isa = PBXGroup;
			children = (
				FDABB4432BF2659600E27601 /* ConcurrencyApp.swift */,
				FDC740CA2BF8B6BB00DB08CB /* Continuation_Part_5 */,
				FDABB4512BF2723000E27601 /* Async_Await_Part_2 */,
				FDABB4452BF2659600E27601 /* ContentView.swift */,
				FDABB4472BF2659900E27601 /* Assets.xcassets */,
				FDABB4492BF2659900E27601 /* Preview Content */,
			);
			path = Concurrency;
			sourceTree = "<group>";
		};
		FDABB4492BF2659900E27601 /* Preview Content */ = {
			isa = PBXGroup;
			children = (
				FDABB44A2BF2659900E27601 /* Preview Assets.xcassets */,
			);
			path = "Preview Content";
			sourceTree = "<group>";
		};
		FDABB4512BF2723000E27601 /* Async_Await_Part_2 */ = {
			isa = PBXGroup;
			children = (
				FDABB4522BF2725100E27601 /* DatesApp.swift */,
				FDB9F31A2BF6530E00594AE8 /* Webservice.swift */,
				FDB9F31C2BF653AA00594AE8 /* CurrentDateListViewModel.swift */,
				FDB9F31E2BF6540900594AE8 /* CurrentDateModel.swift */,
			);
			path = Async_Await_Part_2;
			sourceTree = "<group>";
		};
		FDC740CA2BF8B6BB00DB08CB /* Continuation_Part_5 */ = {
			isa = PBXGroup;
			children = (
				FD1130F12BF8C0980090E1C8 /* NewsApp */,
				FDC740CB2BF8B6DC00DB08CB /* ContinuationPlayground.playground */,
				FDEBA38C2BF8F20900AE54DA /* Concurrency-Tasks.playground */,
			);
			path = Continuation_Part_5;
			sourceTree = "<group>";
		};
/* End PBXGroup section */

/* Begin PBXNativeTarget section */
		FDABB43F2BF2659500E27601 /* Concurrency */ = {
			isa = PBXNativeTarget;
			buildConfigurationList = FDABB44E2BF2659900E27601 /* Build configuration list for PBXNativeTarget "Concurrency" */;
			buildPhases = (
				FDABB43C2BF2659500E27601 /* Sources */,
				FDABB43D2BF2659500E27601 /* Frameworks */,
				FDABB43E2BF2659500E27601 /* Resources */,
			);
			buildRules = (
			);
			dependencies = (
			);
			name = Concurrency;
			productName = Concurrency;
			productReference = FDABB4402BF2659600E27601 /* Concurrency.app */;
			productType = "com.apple.product-type.application";
		};
/* End PBXNativeTarget section */

/* Begin PBXProject section */
		FDABB4382BF2659500E27601 /* Project object */ = {
			isa = PBXProject;
			attributes = {
				BuildIndependentTargetsInParallel = 1;
				LastSwiftUpdateCheck = 1420;
				LastUpgradeCheck = 1420;
				TargetAttributes = {
					FDABB43F2BF2659500E27601 = {
						CreatedOnToolsVersion = 14.2;
					};
				};
			};
			buildConfigurationList = FDABB43B2BF2659500E27601 /* Build configuration list for PBXProject "Concurrency" */;
			compatibilityVersion = "Xcode 14.0";
			developmentRegion = en;
			hasScannedForEncodings = 0;
			knownRegions = (
				en,
				Base,
			);
			mainGroup = FDABB4372BF2659500E27601;
			productRefGroup = FDABB4412BF2659600E27601 /* Products */;
			projectDirPath = "";
			projectRoot = "";
			targets = (
				FDABB43F2BF2659500E27601 /* Concurrency */,
			);
		};
/* End PBXProject section */

/* Begin PBXResourcesBuildPhase section */
		FDABB43E2BF2659500E27601 /* Resources */ = {
			isa = PBXResourcesBuildPhase;
			buildActionMask = 2147483647;
			files = (
				FDABB44B2BF2659900E27601 /* Preview Assets.xcassets in Resources */,
				FDABB4482BF2659900E27601 /* Assets.xcassets in Resources */,
			);
			runOnlyForDeploymentPostprocessing = 0;
		};
/* End PBXResourcesBuildPhase section */

/* Begin PBXSourcesBuildPhase section */
		FDABB43C2BF2659500E27601 /* Sources */ = {
			isa = PBXSourcesBuildPhase;
			buildActionMask = 2147483647;
			files = (
				FD1130FC2BF8C30A0090E1C8 /* NewsSourceListViewModel.swift in Sources */,
				FD1131002BF8C7440090E1C8 /* Constants.swift in Sources */,
				FD1131042BF8CC6F0090E1C8 /* NewsArticle.swift in Sources */,
				FDABB4462BF2659600E27601 /* ContentView.swift in Sources */,
				FDABB4532BF2725100E27601 /* DatesApp.swift in Sources */,
				FDB9F31B2BF6530E00594AE8 /* Webservice.swift in Sources */,
				FD1131022BF8CBF10090E1C8 /* NewsSource.swift in Sources */,
				FDB9F31F2BF6540900594AE8 /* CurrentDateModel.swift in Sources */,
				FDB9F31D2BF653AA00594AE8 /* CurrentDateListViewModel.swift in Sources */,
				FD1130F82BF8C13E0090E1C8 /* NewsListScreen.swift in Sources */,
				FDABB4442BF2659600E27601 /* ConcurrencyApp.swift in Sources */,
				FD1130FE2BF8C5A10090E1C8 /* WebserviceNewsApp.swift in Sources */,
				FD1131062BF8D0CA0090E1C8 /* NewsArticleListViewModel.swift in Sources */,
				FD1130FA2BF8C14F0090E1C8 /* NewsSourceListScreen.swift in Sources */,
			);
			runOnlyForDeploymentPostprocessing = 0;
		};
/* End PBXSourcesBuildPhase section */

/* Begin XCBuildConfiguration section */
		FDABB44C2BF2659900E27601 /* Debug */ = {
			isa = XCBuildConfiguration;
			buildSettings = {
				ALWAYS_SEARCH_USER_PATHS = NO;
				CLANG_ANALYZER_NONNULL = YES;
				CLANG_ANALYZER_NUMBER_OBJECT_CONVERSION = YES_AGGRESSIVE;
				CLANG_CXX_LANGUAGE_STANDARD = "gnu++20";
				CLANG_ENABLE_MODULES = YES;
				CLANG_ENABLE_OBJC_ARC = YES;
				CLANG_ENABLE_OBJC_WEAK = YES;
				CLANG_WARN_BLOCK_CAPTURE_AUTORELEASING = YES;
				CLANG_WARN_BOOL_CONVERSION = YES;
				CLANG_WARN_COMMA = YES;
				CLANG_WARN_CONSTANT_CONVERSION = YES;
				CLANG_WARN_DEPRECATED_OBJC_IMPLEMENTATIONS = YES;
				CLANG_WARN_DIRECT_OBJC_ISA_USAGE = YES_ERROR;
				CLANG_WARN_DOCUMENTATION_COMMENTS = YES;
				CLANG_WARN_EMPTY_BODY = YES;
				CLANG_WARN_ENUM_CONVERSION = YES;
				CLANG_WARN_INFINITE_RECURSION = YES;
				CLANG_WARN_INT_CONVERSION = YES;
				CLANG_WARN_NON_LITERAL_NULL_CONVERSION = YES;
				CLANG_WARN_OBJC_IMPLICIT_RETAIN_SELF = YES;
				CLANG_WARN_OBJC_LITERAL_CONVERSION = YES;
				CLANG_WARN_OBJC_ROOT_CLASS = YES_ERROR;
				CLANG_WARN_QUOTED_INCLUDE_IN_FRAMEWORK_HEADER = YES;
				CLANG_WARN_RANGE_LOOP_ANALYSIS = YES;
				CLANG_WARN_STRICT_PROTOTYPES = YES;
				CLANG_WARN_SUSPICIOUS_MOVE = YES;
				CLANG_WARN_UNGUARDED_AVAILABILITY = YES_AGGRESSIVE;
				CLANG_WARN_UNREACHABLE_CODE = YES;
				CLANG_WARN__DUPLICATE_METHOD_MATCH = YES;
				COPY_PHASE_STRIP = NO;
				DEBUG_INFORMATION_FORMAT = dwarf;
				ENABLE_STRICT_OBJC_MSGSEND = YES;
				ENABLE_TESTABILITY = YES;
				GCC_C_LANGUAGE_STANDARD = gnu11;
				GCC_DYNAMIC_NO_PIC = NO;
				GCC_NO_COMMON_BLOCKS = YES;
				GCC_OPTIMIZATION_LEVEL = 0;
				GCC_PREPROCESSOR_DEFINITIONS = (
					"DEBUG=1",
					"$(inherited)",
				);
				GCC_WARN_64_TO_32_BIT_CONVERSION = YES;
				GCC_WARN_ABOUT_RETURN_TYPE = YES_ERROR;
				GCC_WARN_UNDECLARED_SELECTOR = YES;
				GCC_WARN_UNINITIALIZED_AUTOS = YES_AGGRESSIVE;
				GCC_WARN_UNUSED_FUNCTION = YES;
				GCC_WARN_UNUSED_VARIABLE = YES;
				IPHONEOS_DEPLOYMENT_TARGET = 16.2;
				MTL_ENABLE_DEBUG_INFO = INCLUDE_SOURCE;
				MTL_FAST_MATH = YES;
				ONLY_ACTIVE_ARCH = YES;
				SDKROOT = iphoneos;
				SWIFT_ACTIVE_COMPILATION_CONDITIONS = DEBUG;
				SWIFT_OPTIMIZATION_LEVEL = "-Onone";
			};
			name = Debug;
		};
		FDABB44D2BF2659900E27601 /* Release */ = {
			isa = XCBuildConfiguration;
			buildSettings = {
				ALWAYS_SEARCH_USER_PATHS = NO;
				CLANG_ANALYZER_NONNULL = YES;
				CLANG_ANALYZER_NUMBER_OBJECT_CONVERSION = YES_AGGRESSIVE;
				CLANG_CXX_LANGUAGE_STANDARD = "gnu++20";
				CLANG_ENABLE_MODULES = YES;
				CLANG_ENABLE_OBJC_ARC = YES;
				CLANG_ENABLE_OBJC_WEAK = YES;
				CLANG_WARN_BLOCK_CAPTURE_AUTORELEASING = YES;
				CLANG_WARN_BOOL_CONVERSION = YES;
				CLANG_WARN_COMMA = YES;
				CLANG_WARN_CONSTANT_CONVERSION = YES;
				CLANG_WARN_DEPRECATED_OBJC_IMPLEMENTATIONS = YES;
				CLANG_WARN_DIRECT_OBJC_ISA_USAGE = YES_ERROR;
				CLANG_WARN_DOCUMENTATION_COMMENTS = YES;
				CLANG_WARN_EMPTY_BODY = YES;
				CLANG_WARN_ENUM_CONVERSION = YES;
				CLANG_WARN_INFINITE_RECURSION = YES;
				CLANG_WARN_INT_CONVERSION = YES;
				CLANG_WARN_NON_LITERAL_NULL_CONVERSION = YES;
				CLANG_WARN_OBJC_IMPLICIT_RETAIN_SELF = YES;
				CLANG_WARN_OBJC_LITERAL_CONVERSION = YES;
				CLANG_WARN_OBJC_ROOT_CLASS = YES_ERROR;
				CLANG_WARN_QUOTED_INCLUDE_IN_FRAMEWORK_HEADER = YES;
				CLANG_WARN_RANGE_LOOP_ANALYSIS = YES;
				CLANG_WARN_STRICT_PROTOTYPES = YES;
				CLANG_WARN_SUSPICIOUS_MOVE = YES;
				CLANG_WARN_UNGUARDED_AVAILABILITY = YES_AGGRESSIVE;
				CLANG_WARN_UNREACHABLE_CODE = YES;
				CLANG_WARN__DUPLICATE_METHOD_MATCH = YES;
				COPY_PHASE_STRIP = NO;
				DEBUG_INFORMATION_FORMAT = "dwarf-with-dsym";
				ENABLE_NS_ASSERTIONS = NO;
				ENABLE_STRICT_OBJC_MSGSEND = YES;
				GCC_C_LANGUAGE_STANDARD = gnu11;
				GCC_NO_COMMON_BLOCKS = YES;
				GCC_WARN_64_TO_32_BIT_CONVERSION = YES;
				GCC_WARN_ABOUT_RETURN_TYPE = YES_ERROR;
				GCC_WARN_UNDECLARED_SELECTOR = YES;
				GCC_WARN_UNINITIALIZED_AUTOS = YES_AGGRESSIVE;
				GCC_WARN_UNUSED_FUNCTION = YES;
				GCC_WARN_UNUSED_VARIABLE = YES;
				IPHONEOS_DEPLOYMENT_TARGET = 16.2;
				MTL_ENABLE_DEBUG_INFO = NO;
				MTL_FAST_MATH = YES;
				SDKROOT = iphoneos;
				SWIFT_COMPILATION_MODE = wholemodule;
				SWIFT_OPTIMIZATION_LEVEL = "-O";
				VALIDATE_PRODUCT = YES;
			};
			name = Release;
		};
		FDABB44F2BF2659900E27601 /* Debug */ = {
			isa = XCBuildConfiguration;
			buildSettings = {
				ASSETCATALOG_COMPILER_APPICON_NAME = AppIcon;
				ASSETCATALOG_COMPILER_GLOBAL_ACCENT_COLOR_NAME = AccentColor;
				CODE_SIGN_STYLE = Automatic;
				CURRENT_PROJECT_VERSION = 1;
				DEVELOPMENT_ASSET_PATHS = "\"Concurrency/Preview Content\"";
				DEVELOPMENT_TEAM = XP6V4T4UU6;
				ENABLE_PREVIEWS = YES;
				GENERATE_INFOPLIST_FILE = YES;
				INFOPLIST_KEY_UIApplicationSceneManifest_Generation = YES;
				INFOPLIST_KEY_UIApplicationSupportsIndirectInputEvents = YES;
				INFOPLIST_KEY_UILaunchScreen_Generation = YES;
				INFOPLIST_KEY_UISupportedInterfaceOrientations_iPad = "UIInterfaceOrientationPortrait UIInterfaceOrientationPortraitUpsideDown UIInterfaceOrientationLandscapeLeft UIInterfaceOrientationLandscapeRight";
				INFOPLIST_KEY_UISupportedInterfaceOrientations_iPhone = "UIInterfaceOrientationPortrait UIInterfaceOrientationLandscapeLeft UIInterfaceOrientationLandscapeRight";
				LD_RUNPATH_SEARCH_PATHS = (
					"$(inherited)",
					"@executable_path/Frameworks",
				);
				MARKETING_VERSION = 1.0;
				PRODUCT_BUNDLE_IDENTIFIER = com.blacenova.Concurrency;
				PRODUCT_NAME = "$(TARGET_NAME)";
				SWIFT_EMIT_LOC_STRINGS = YES;
				SWIFT_VERSION = 5.0;
				TARGETED_DEVICE_FAMILY = "1,2";
			};
			name = Debug;
		};
		FDABB4502BF2659900E27601 /* Release */ = {
			isa = XCBuildConfiguration;
			buildSettings = {
				ASSETCATALOG_COMPILER_APPICON_NAME = AppIcon;
				ASSETCATALOG_COMPILER_GLOBAL_ACCENT_COLOR_NAME = AccentColor;
				CODE_SIGN_STYLE = Automatic;
				CURRENT_PROJECT_VERSION = 1;
				DEVELOPMENT_ASSET_PATHS = "\"Concurrency/Preview Content\"";
				DEVELOPMENT_TEAM = XP6V4T4UU6;
				ENABLE_PREVIEWS = YES;
				GENERATE_INFOPLIST_FILE = YES;
				INFOPLIST_KEY_UIApplicationSceneManifest_Generation = YES;
				INFOPLIST_KEY_UIApplicationSupportsIndirectInputEvents = YES;
				INFOPLIST_KEY_UILaunchScreen_Generation = YES;
				INFOPLIST_KEY_UISupportedInterfaceOrientations_iPad = "UIInterfaceOrientationPortrait UIInterfaceOrientationPortraitUpsideDown UIInterfaceOrientationLandscapeLeft UIInterfaceOrientationLandscapeRight";
				INFOPLIST_KEY_UISupportedInterfaceOrientations_iPhone = "UIInterfaceOrientationPortrait UIInterfaceOrientationLandscapeLeft UIInterfaceOrientationLandscapeRight";
				LD_RUNPATH_SEARCH_PATHS = (
					"$(inherited)",
					"@executable_path/Frameworks",
				);
				MARKETING_VERSION = 1.0;
				PRODUCT_BUNDLE_IDENTIFIER = com.blacenova.Concurrency;
				PRODUCT_NAME = "$(TARGET_NAME)";
				SWIFT_EMIT_LOC_STRINGS = YES;
				SWIFT_VERSION = 5.0;
				TARGETED_DEVICE_FAMILY = "1,2";
			};
			name = Release;
		};
/* End XCBuildConfiguration section */

/* Begin XCConfigurationList section */
		FDABB43B2BF2659500E27601 /* Build configuration list for PBXProject "Concurrency" */ = {
			isa = XCConfigurationList;
			buildConfigurations = (
				FDABB44C2BF2659900E27601 /* Debug */,
				FDABB44D2BF2659900E27601 /* Release */,
			);
			defaultConfigurationIsVisible = 0;
			defaultConfigurationName = Release;
		};
		FDABB44E2BF2659900E27601 /* Build configuration list for PBXNativeTarget "Concurrency" */ = {
			isa = XCConfigurationList;
			buildConfigurations = (
				FDABB44F2BF2659900E27601 /* Debug */,
				FDABB4502BF2659900E27601 /* Release */,
			);
			defaultConfigurationIsVisible = 0;
			defaultConfigurationName = Release;
		};
/* End XCConfigurationList section */
	};
	rootObject = FDABB4382BF2659500E27601 /* Project object */;
}
